# Code generated by scarb DO NOT EDIT.
version = 1

[[package]]
name = "complex_calculator"
version = "0.1.0"
dependencies = [
 "snforge_std",
]

[[package]]
name = "snforge_scarb_plugin"
version = "0.1.0"
source = "git+https://github.com/foundry-rs/starknet-foundry?tag=v0.29.0#d37d2272ca6c915117646de76cdf26ec06e44f61"

[[package]]
name = "snforge_std"
version = "0.29.0"
source = "git+https://github.com/foundry-rs/starknet-foundry?tag=v0.29.0#d37d2272ca6c915117646de76cdf26ec06e44f61"
dependencies = [
 "snforge_scarb_plugin",
]
